
Microsoft Visual Studio Solution File, Format Version 12.00
# Visual Studio Version 16
VisualStudioVersion = 16.0.31205.134
MinimumVisualStudioVersion = 10.0.40219.1
Project("{FAE04EC0-301F-11D3-BF4B-00C04F79EFBC}") = "Calculadora", "Calculadora\Calculadora.csproj", "{72458705-D2CA-4E6B-AB10-31E89EC465B5}"
EndProject
Global
	GlobalSection(SolutionConfigurationPlatforms) = preSolution
		Debug|Any CPU = Debug|Any CPU
		Release|Any CPU = Release|Any CPU
	EndGlobalSection
	GlobalSection(ProjectConfigurationPlatforms) = postSolution
		{72458705-D2CA-4E6B-AB10-31E89EC465B5}.Debug|Any CPU.ActiveCfg = Debug|Any CPU
		{72458705-D2CA-4E6B-AB10-31E89EC465B5}.Debug|Any CPU.Build.0 = Debug|Any CPU
		{72458705-D2CA-4E6B-AB10-31E89EC465B5}.Release|Any CPU.ActiveCfg = Release|Any CPU
		{72458705-D2CA-4E6B-AB10-31E89EC465B5}.Release|Any CPU.Build.0 = Release|Any CPU
	EndGlobalSection
	GlobalSection(SolutionProperties) = preSolution
		HideSolutionNode = FALSE
	EndGlobalSection
	GlobalSection(ExtensibilityGlobals) = postSolution
		SolutionGuid = {0C5851B9-783E-4D88-ABCA-6F938AE0D323}
	EndGlobalSection
EndGlobal
